
Microsoft Visual Studio Solution File, Format Version 12.00
# Visual Studio Version 17
VisualStudioVersion = 17.1.32414.318
MinimumVisualStudioVersion = 10.0.40219.1
Project("{8BC9CEB8-8B4A-11D0-8D11-00A0C91BC942}") = "Win64Server", "Win64Server\Win64Server.vcxproj", "{336430AA-FDCD-4A16-81D0-797D900B24F3}"
EndProject
Global
	GlobalSection(SolutionConfigurationPlatforms) = preSolution
		Debug|x64 = Debug|x64
		Debug|x86 = Debug|x86
		Release|x64 = Release|x64
		Release|x86 = Release|x86
	EndGlobalSection
	GlobalSection(ProjectConfigurationPlatforms) = postSolution
		{336430AA-FDCD-4A16-81D0-797D900B24F3}.Debug|x64.ActiveCfg = Debug|x64
		{336430AA-FDCD-4A16-81D0-797D900B24F3}.Debug|x64.Build.0 = Debug|x64
		{336430AA-FDCD-4A16-81D0-797D900B24F3}.Debug|x86.ActiveCfg = Debug|Win32
		{336430AA-FDCD-4A16-81D0-797D900B24F3}.Debug|x86.Build.0 = Debug|Win32
		{336430AA-FDCD-4A16-81D0-797D900B24F3}.Release|x64.ActiveCfg = Release|x64
		{336430AA-FDCD-4A16-81D0-797D900B24F3}.Release|x64.Build.0 = Release|x64
		{336430AA-FDCD-4A16-81D0-797D900B24F3}.Release|x86.ActiveCfg = Release|Win32
		{336430AA-FDCD-4A16-81D0-797D900B24F3}.Release|x86.Build.0 = Release|Win32
	EndGlobalSection
	GlobalSection(SolutionProperties) = preSolution
		HideSolutionNode = FALSE
	EndGlobalSection
	GlobalSection(ExtensibilityGlobals) = postSolution
		SolutionGuid = {D53C0A10-A425-46EC-8169-CF549A6E8F5B}
	EndGlobalSection
EndGlobal
